
Microsoft Visual Studio Solution File, Format Version 12.00
# Visual Studio Version 17
VisualStudioVersion = 17.14.36408.4 d17.14
MinimumVisualStudioVersion = 10.0.40219.1
Project("{FAE04EC0-301F-11D3-BF4B-00C04F79EFBC}") = "PPM.Acumen.DataService.Client", "PPM.Acumen.DataService.Client\PPM.Acumen.DataService.Client.csproj", "{2CEA7D77-E1F7-7562-0128-AB8258C73345}"
EndProject
Global
	GlobalSection(SolutionConfigurationPlatforms) = preSolution
		Debug|Any CPU = Debug|Any CPU
		Release|Any CPU = Release|Any CPU
	EndGlobalSection
	GlobalSection(ProjectConfigurationPlatforms) = postSolution
		{2CEA7D77-E1F7-7562-0128-AB8258C73345}.Debug|Any CPU.ActiveCfg = Debug|Any CPU
		{2CEA7D77-E1F7-7562-0128-AB8258C73345}.Debug|Any CPU.Build.0 = Debug|Any CPU
		{2CEA7D77-E1F7-7562-0128-AB8258C73345}.Release|Any CPU.ActiveCfg = Release|Any CPU
		{2CEA7D77-E1F7-7562-0128-AB8258C73345}.Release|Any CPU.Build.0 = Release|Any CPU
	EndGlobalSection
	GlobalSection(SolutionProperties) = preSolution
		HideSolutionNode = FALSE
	EndGlobalSection
	GlobalSection(ExtensibilityGlobals) = postSolution
		SolutionGuid = {9AA70E9F-D1DB-4045-B0B1-ACBFF2F51F40}
	EndGlobalSection
EndGlobal
